
Microsoft Visual Studio Solution File, Format Version 12.00
# Visual Studio Version 17
VisualStudioVersion = 17.0.32112.339
MinimumVisualStudioVersion = 10.0.40219.1
Project("{FAE04EC0-301F-11D3-BF4B-00C04F79EFBC}") = "FitronzAPI", "FitronzAPI\FitronzAPI.csproj", "{D617ED32-5BD5-4A92-8F34-1E18FABBA121}"
EndProject
Global
	GlobalSection(SolutionConfigurationPlatforms) = preSolution
		Debug|Any CPU = Debug|Any CPU
		Release|Any CPU = Release|Any CPU
	EndGlobalSection
	GlobalSection(ProjectConfigurationPlatforms) = postSolution
		{D617ED32-5BD5-4A92-8F34-1E18FABBA121}.Debug|Any CPU.ActiveCfg = Debug|Any CPU
		{D617ED32-5BD5-4A92-8F34-1E18FABBA121}.Debug|Any CPU.Build.0 = Debug|Any CPU
		{D617ED32-5BD5-4A92-8F34-1E18FABBA121}.Release|Any CPU.ActiveCfg = Release|Any CPU
		{D617ED32-5BD5-4A92-8F34-1E18FABBA121}.Release|Any CPU.Build.0 = Release|Any CPU
	EndGlobalSection
	GlobalSection(SolutionProperties) = preSolution
		HideSolutionNode = FALSE
	EndGlobalSection
	GlobalSection(ExtensibilityGlobals) = postSolution
		SolutionGuid = {1EAA8C6A-AA33-4DA8-BF7B-FE0FE5B602D7}
	EndGlobalSection
EndGlobal
